
Microsoft Visual Studio Solution File, Format Version 12.00
# Visual Studio Version 17
VisualStudioVersion = 17.5.33414.496
MinimumVisualStudioVersion = 10.0.40219.1
Project("{FAE04EC0-301F-11D3-BF4B-00C04F79EFBC}") = "TransferManagerApp", "TransferManagerApp\TransferManagerApp.csproj", "{6D34C624-572D-45C4-AC73-8319CF9117AC}"
EndProject
Project("{FAE04EC0-301F-11D3-BF4B-00C04F79EFBC}") = "DL_Common", "DL_Common\DL_Common.csproj", "{408FBC43-AA65-4698-B977-78AD0DF00358}"
EndProject
Project("{FAE04EC0-301F-11D3-BF4B-00C04F79EFBC}") = "DL_CustomCtrl", "DL_CustomCtrl\DL_CustomCtrl.csproj", "{7D5617E5-CB4B-4E20-9111-3161D98F3CBB}"
EndProject
Project("{FAE04EC0-301F-11D3-BF4B-00C04F79EFBC}") = "ErrorCode", "ErrorCode\ErrorCode.csproj", "{675ECF34-A3A2-4F12-88C9-819E1E1C9955}"
EndProject
Project("{FAE04EC0-301F-11D3-BF4B-00C04F79EFBC}") = "ShareResource", "ShareResource\ShareResource.csproj", "{1DEE7C52-8592-418B-9B21-A93E2FC9D702}"
EndProject
Project("{FAE04EC0-301F-11D3-BF4B-00C04F79EFBC}") = "DL_PlcInterfce", "DL_PlcInterfce\DL_PlcInterfce.csproj", "{212FE8C5-69A5-468F-8530-7A63D67EA530}"
EndProject
Project("{FAE04EC0-301F-11D3-BF4B-00C04F79EFBC}") = "DL_Socket", "DL_SocketLibrary\DL_Socket.csproj", "{E6F7AB5E-318F-46B8-BB90-A0F35D6C7555}"
EndProject
Project("{FAE04EC0-301F-11D3-BF4B-00C04F79EFBC}") = "DL_Logger", "DL_Logger\DL_Logger.csproj", "{02F6E823-A0B2-4C04-9347-7FED39140941}"
EndProject
Project("{FAE04EC0-301F-11D3-BF4B-00C04F79EFBC}") = "PLCModule", "PLCModule\PLCModule.csproj", "{109D90D0-ED3F-4390-9F0C-D54848F95DF7}"
EndProject
Project("{FAE04EC0-301F-11D3-BF4B-00C04F79EFBC}") = "ServerModule", "ServerModule\ServerModule.csproj", "{E18CB9B8-FBA5-4507-8DFE-EB0F94837D09}"
EndProject
Project("{FAE04EC0-301F-11D3-BF4B-00C04F79EFBC}") = "SystemConfig", "SystemConfig\SystemConfig.csproj", "{EA68BD29-BC54-41C4-B146-24356A96EB03}"
EndProject
Project("{FAE04EC0-301F-11D3-BF4B-00C04F79EFBC}") = "TransferManagerApp_Debug", "TransferManagerApp_Debug\TransferManagerApp_Debug.csproj", "{18B65441-9BF7-4828-8E81-B36337D18468}"
EndProject
Project("{FAE04EC0-301F-11D3-BF4B-00C04F79EFBC}") = "BatchModule", "BatchModule\BatchModule.csproj", "{1BA25A0B-7966-4084-9750-C6DD34EC12F9}"
EndProject
Project("{2150E333-8FDC-42A3-9474-1A3956D46DE8}") = "ソリューション項目", "ソリューション項目", "{9E352F04-463E-4000-9D9A-77A1299EF29C}"
	ProjectSection(SolutionItems) = preProject
		変更履歴.txt = 変更履歴.txt
	EndProjectSection
EndProject
Global
	GlobalSection(SolutionConfigurationPlatforms) = preSolution
		Debug|Any CPU = Debug|Any CPU
		Debug|x64 = Debug|x64
		Debug|x86 = Debug|x86
		Release|Any CPU = Release|Any CPU
		Release|x64 = Release|x64
		Release|x86 = Release|x86
		Remote|Any CPU = Remote|Any CPU
		Remote|x64 = Remote|x64
		Remote|x86 = Remote|x86
		RemoteDBG|Any CPU = RemoteDBG|Any CPU
		RemoteDBG|x64 = RemoteDBG|x64
		RemoteDBG|x86 = RemoteDBG|x86
	EndGlobalSection
	GlobalSection(ProjectConfigurationPlatforms) = postSolution
		{6D34C624-572D-45C4-AC73-8319CF9117AC}.Debug|Any CPU.ActiveCfg = Debug|Any CPU
		{6D34C624-572D-45C4-AC73-8319CF9117AC}.Debug|Any CPU.Build.0 = Debug|Any CPU
		{6D34C624-572D-45C4-AC73-8319CF9117AC}.Debug|x64.ActiveCfg = Debug|Any CPU
		{6D34C624-572D-45C4-AC73-8319CF9117AC}.Debug|x64.Build.0 = Debug|Any CPU
		{6D34C624-572D-45C4-AC73-8319CF9117AC}.Debug|x86.ActiveCfg = Debug|Any CPU
		{6D34C624-572D-45C4-AC73-8319CF9117AC}.Debug|x86.Build.0 = Debug|Any CPU
		{6D34C624-572D-45C4-AC73-8319CF9117AC}.Release|Any CPU.ActiveCfg = Release|Any CPU
		{6D34C624-572D-45C4-AC73-8319CF9117AC}.Release|Any CPU.Build.0 = Release|Any CPU
		{6D34C624-572D-45C4-AC73-8319CF9117AC}.Release|x64.ActiveCfg = Release|Any CPU
		{6D34C624-572D-45C4-AC73-8319CF9117AC}.Release|x64.Build.0 = Release|Any CPU
		{6D34C624-572D-45C4-AC73-8319CF9117AC}.Release|x86.ActiveCfg = Release|Any CPU
		{6D34C624-572D-45C4-AC73-8319CF9117AC}.Release|x86.Build.0 = Release|Any CPU
		{6D34C624-572D-45C4-AC73-8319CF9117AC}.Remote|Any CPU.ActiveCfg = Release|Any CPU
		{6D34C624-572D-45C4-AC73-8319CF9117AC}.Remote|Any CPU.Build.0 = Release|Any CPU
		{6D34C624-572D-45C4-AC73-8319CF9117AC}.Remote|x64.ActiveCfg = Release|Any CPU
		{6D34C624-572D-45C4-AC73-8319CF9117AC}.Remote|x64.Build.0 = Release|Any CPU
		{6D34C624-572D-45C4-AC73-8319CF9117AC}.Remote|x86.ActiveCfg = Release|Any CPU
		{6D34C624-572D-45C4-AC73-8319CF9117AC}.Remote|x86.Build.0 = Release|Any CPU
		{6D34C624-572D-45C4-AC73-8319CF9117AC}.RemoteDBG|Any CPU.ActiveCfg = Release|Any CPU
		{6D34C624-572D-45C4-AC73-8319CF9117AC}.RemoteDBG|Any CPU.Build.0 = Release|Any CPU
		{6D34C624-572D-45C4-AC73-8319CF9117AC}.RemoteDBG|x64.ActiveCfg = Release|Any CPU
		{6D34C624-572D-45C4-AC73-8319CF9117AC}.RemoteDBG|x64.Build.0 = Release|Any CPU
		{6D34C624-572D-45C4-AC73-8319CF9117AC}.RemoteDBG|x86.ActiveCfg = Release|Any CPU
		{6D34C624-572D-45C4-AC73-8319CF9117AC}.RemoteDBG|x86.Build.0 = Release|Any CPU
		{408FBC43-AA65-4698-B977-78AD0DF00358}.Debug|Any CPU.ActiveCfg = Debug|Any CPU
		{408FBC43-AA65-4698-B977-78AD0DF00358}.Debug|Any CPU.Build.0 = Debug|Any CPU
		{408FBC43-AA65-4698-B977-78AD0DF00358}.Debug|x64.ActiveCfg = Debug|x64
		{408FBC43-AA65-4698-B977-78AD0DF00358}.Debug|x64.Build.0 = Debug|x64
		{408FBC43-AA65-4698-B977-78AD0DF00358}.Debug|x86.ActiveCfg = Debug|x86
		{408FBC43-AA65-4698-B977-78AD0DF00358}.Debug|x86.Build.0 = Debug|x86
		{408FBC43-AA65-4698-B977-78AD0DF00358}.Release|Any CPU.ActiveCfg = Release|Any CPU
		{408FBC43-AA65-4698-B977-78AD0DF00358}.Release|Any CPU.Build.0 = Release|Any CPU
		{408FBC43-AA65-4698-B977-78AD0DF00358}.Release|x64.ActiveCfg = Release|x64
		{408FBC43-AA65-4698-B977-78AD0DF00358}.Release|x64.Build.0 = Release|x64
		{408FBC43-AA65-4698-B977-78AD0DF00358}.Release|x86.ActiveCfg = Release|x86
		{408FBC43-AA65-4698-B977-78AD0DF00358}.Release|x86.Build.0 = Release|x86
		{408FBC43-AA65-4698-B977-78AD0DF00358}.Remote|Any CPU.ActiveCfg = Remote|Any CPU
		{408FBC43-AA65-4698-B977-78AD0DF00358}.Remote|Any CPU.Build.0 = Remote|Any CPU
		{408FBC43-AA65-4698-B977-78AD0DF00358}.Remote|x64.ActiveCfg = Remote|x64
		{408FBC43-AA65-4698-B977-78AD0DF00358}.Remote|x64.Build.0 = Remote|x64
		{408FBC43-AA65-4698-B977-78AD0DF00358}.Remote|x86.ActiveCfg = Remote|x86
		{408FBC43-AA65-4698-B977-78AD0DF00358}.Remote|x86.Build.0 = Remote|x86
		{408FBC43-AA65-4698-B977-78AD0DF00358}.RemoteDBG|Any CPU.ActiveCfg = RemoteDBG|Any CPU
		{408FBC43-AA65-4698-B977-78AD0DF00358}.RemoteDBG|Any CPU.Build.0 = RemoteDBG|Any CPU
		{408FBC43-AA65-4698-B977-78AD0DF00358}.RemoteDBG|x64.ActiveCfg = RemoteDBG|x64
		{408FBC43-AA65-4698-B977-78AD0DF00358}.RemoteDBG|x64.Build.0 = RemoteDBG|x64
		{408FBC43-AA65-4698-B977-78AD0DF00358}.RemoteDBG|x86.ActiveCfg = RemoteDBG|x86
		{408FBC43-AA65-4698-B977-78AD0DF00358}.RemoteDBG|x86.Build.0 = RemoteDBG|x86
		{7D5617E5-CB4B-4E20-9111-3161D98F3CBB}.Debug|Any CPU.ActiveCfg = Debug|Any CPU
		{7D5617E5-CB4B-4E20-9111-3161D98F3CBB}.Debug|Any CPU.Build.0 = Debug|Any CPU
		{7D5617E5-CB4B-4E20-9111-3161D98F3CBB}.Debug|x64.ActiveCfg = Debug|x64
		{7D5617E5-CB4B-4E20-9111-3161D98F3CBB}.Debug|x64.Build.0 = Debug|x64
		{7D5617E5-CB4B-4E20-9111-3161D98F3CBB}.Debug|x86.ActiveCfg = Debug|x86
		{7D5617E5-CB4B-4E20-9111-3161D98F3CBB}.Debug|x86.Build.0 = Debug|x86
		{7D5617E5-CB4B-4E20-9111-3161D98F3CBB}.Release|Any CPU.ActiveCfg = Release|Any CPU
		{7D5617E5-CB4B-4E20-9111-3161D98F3CBB}.Release|Any CPU.Build.0 = Release|Any CPU
		{7D5617E5-CB4B-4E20-9111-3161D98F3CBB}.Release|x64.ActiveCfg = Release|x64
		{7D5617E5-CB4B-4E20-9111-3161D98F3CBB}.Release|x64.Build.0 = Release|x64
		{7D5617E5-CB4B-4E20-9111-3161D98F3CBB}.Release|x86.ActiveCfg = Release|x86
		{7D5617E5-CB4B-4E20-9111-3161D98F3CBB}.Release|x86.Build.0 = Release|x86
		{7D5617E5-CB4B-4E20-9111-3161D98F3CBB}.Remote|Any CPU.ActiveCfg = Remote|Any CPU
		{7D5617E5-CB4B-4E20-9111-3161D98F3CBB}.Remote|Any CPU.Build.0 = Remote|Any CPU
		{7D5617E5-CB4B-4E20-9111-3161D98F3CBB}.Remote|x64.ActiveCfg = Remote|x64
		{7D5617E5-CB4B-4E20-9111-3161D98F3CBB}.Remote|x64.Build.0 = Remote|x64
		{7D5617E5-CB4B-4E20-9111-3161D98F3CBB}.Remote|x86.ActiveCfg = Remote|x86
		{7D5617E5-CB4B-4E20-9111-3161D98F3CBB}.Remote|x86.Build.0 = Remote|x86
		{7D5617E5-CB4B-4E20-9111-3161D98F3CBB}.RemoteDBG|Any CPU.ActiveCfg = RemoteDBG|Any CPU
		{7D5617E5-CB4B-4E20-9111-3161D98F3CBB}.RemoteDBG|Any CPU.Build.0 = RemoteDBG|Any CPU
		{7D5617E5-CB4B-4E20-9111-3161D98F3CBB}.RemoteDBG|x64.ActiveCfg = RemoteDBG|x64
		{7D5617E5-CB4B-4E20-9111-3161D98F3CBB}.RemoteDBG|x64.Build.0 = RemoteDBG|x64
		{7D5617E5-CB4B-4E20-9111-3161D98F3CBB}.RemoteDBG|x86.ActiveCfg = RemoteDBG|x86
		{7D5617E5-CB4B-4E20-9111-3161D98F3CBB}.RemoteDBG|x86.Build.0 = RemoteDBG|x86
		{675ECF34-A3A2-4F12-88C9-819E1E1C9955}.Debug|Any CPU.ActiveCfg = Debug|Any CPU
		{675ECF34-A3A2-4F12-88C9-819E1E1C9955}.Debug|Any CPU.Build.0 = Debug|Any CPU
		{675ECF34-A3A2-4F12-88C9-819E1E1C9955}.Debug|x64.ActiveCfg = Debug|Any CPU
		{675ECF34-A3A2-4F12-88C9-819E1E1C9955}.Debug|x64.Build.0 = Debug|Any CPU
		{675ECF34-A3A2-4F12-88C9-819E1E1C9955}.Debug|x86.ActiveCfg = Debug|Any CPU
		{675ECF34-A3A2-4F12-88C9-819E1E1C9955}.Debug|x86.Build.0 = Debug|Any CPU
		{675ECF34-A3A2-4F12-88C9-819E1E1C9955}.Release|Any CPU.ActiveCfg = Release|Any CPU
		{675ECF34-A3A2-4F12-88C9-819E1E1C9955}.Release|Any CPU.Build.0 = Release|Any CPU
		{675ECF34-A3A2-4F12-88C9-819E1E1C9955}.Release|x64.ActiveCfg = Release|Any CPU
		{675ECF34-A3A2-4F12-88C9-819E1E1C9955}.Release|x64.Build.0 = Release|Any CPU
		{675ECF34-A3A2-4F12-88C9-819E1E1C9955}.Release|x86.ActiveCfg = Release|Any CPU
		{675ECF34-A3A2-4F12-88C9-819E1E1C9955}.Release|x86.Build.0 = Release|Any CPU
		{675ECF34-A3A2-4F12-88C9-819E1E1C9955}.Remote|Any CPU.ActiveCfg = Remote|Any CPU
		{675ECF34-A3A2-4F12-88C9-819E1E1C9955}.Remote|Any CPU.Build.0 = Remote|Any CPU
		{675ECF34-A3A2-4F12-88C9-819E1E1C9955}.Remote|x64.ActiveCfg = Remote|Any CPU
		{675ECF34-A3A2-4F12-88C9-819E1E1C9955}.Remote|x64.Build.0 = Remote|Any CPU
		{675ECF34-A3A2-4F12-88C9-819E1E1C9955}.Remote|x86.ActiveCfg = Remote|Any CPU
		{675ECF34-A3A2-4F12-88C9-819E1E1C9955}.Remote|x86.Build.0 = Remote|Any CPU
		{675ECF34-A3A2-4F12-88C9-819E1E1C9955}.RemoteDBG|Any CPU.ActiveCfg = Release|Any CPU
		{675ECF34-A3A2-4F12-88C9-819E1E1C9955}.RemoteDBG|Any CPU.Build.0 = Release|Any CPU
		{675ECF34-A3A2-4F12-88C9-819E1E1C9955}.RemoteDBG|x64.ActiveCfg = Release|Any CPU
		{675ECF34-A3A2-4F12-88C9-819E1E1C9955}.RemoteDBG|x64.Build.0 = Release|Any CPU
		{675ECF34-A3A2-4F12-88C9-819E1E1C9955}.RemoteDBG|x86.ActiveCfg = Release|Any CPU
		{675ECF34-A3A2-4F12-88C9-819E1E1C9955}.RemoteDBG|x86.Build.0 = Release|Any CPU
		{1DEE7C52-8592-418B-9B21-A93E2FC9D702}.Debug|Any CPU.ActiveCfg = Debug|Any CPU
		{1DEE7C52-8592-418B-9B21-A93E2FC9D702}.Debug|Any CPU.Build.0 = Debug|Any CPU
		{1DEE7C52-8592-418B-9B21-A93E2FC9D702}.Debug|x64.ActiveCfg = Debug|Any CPU
		{1DEE7C52-8592-418B-9B21-A93E2FC9D702}.Debug|x64.Build.0 = Debug|Any CPU
		{1DEE7C52-8592-418B-9B21-A93E2FC9D702}.Debug|x86.ActiveCfg = Debug|Any CPU
		{1DEE7C52-8592-418B-9B21-A93E2FC9D702}.Debug|x86.Build.0 = Debug|Any CPU
		{1DEE7C52-8592-418B-9B21-A93E2FC9D702}.Release|Any CPU.ActiveCfg = Release|Any CPU
		{1DEE7C52-8592-418B-9B21-A93E2FC9D702}.Release|Any CPU.Build.0 = Release|Any CPU
		{1DEE7C52-8592-418B-9B21-A93E2FC9D702}.Release|x64.ActiveCfg = Release|Any CPU
		{1DEE7C52-8592-418B-9B21-A93E2FC9D702}.Release|x64.Build.0 = Release|Any CPU
		{1DEE7C52-8592-418B-9B21-A93E2FC9D702}.Release|x86.ActiveCfg = Release|Any CPU
		{1DEE7C52-8592-418B-9B21-A93E2FC9D702}.Release|x86.Build.0 = Release|Any CPU
		{1DEE7C52-8592-418B-9B21-A93E2FC9D702}.Remote|Any CPU.ActiveCfg = Release|Any CPU
		{1DEE7C52-8592-418B-9B21-A93E2FC9D702}.Remote|Any CPU.Build.0 = Release|Any CPU
		{1DEE7C52-8592-418B-9B21-A93E2FC9D702}.Remote|x64.ActiveCfg = Release|Any CPU
		{1DEE7C52-8592-418B-9B21-A93E2FC9D702}.Remote|x64.Build.0 = Release|Any CPU
		{1DEE7C52-8592-418B-9B21-A93E2FC9D702}.Remote|x86.ActiveCfg = Release|Any CPU
		{1DEE7C52-8592-418B-9B21-A93E2FC9D702}.Remote|x86.Build.0 = Release|Any CPU
		{1DEE7C52-8592-418B-9B21-A93E2FC9D702}.RemoteDBG|Any CPU.ActiveCfg = Release|Any CPU
		{1DEE7C52-8592-418B-9B21-A93E2FC9D702}.RemoteDBG|Any CPU.Build.0 = Release|Any CPU
		{1DEE7C52-8592-418B-9B21-A93E2FC9D702}.RemoteDBG|x64.ActiveCfg = Release|Any CPU
		{1DEE7C52-8592-418B-9B21-A93E2FC9D702}.RemoteDBG|x64.Build.0 = Release|Any CPU
		{1DEE7C52-8592-418B-9B21-A93E2FC9D702}.RemoteDBG|x86.ActiveCfg = Release|Any CPU
		{1DEE7C52-8592-418B-9B21-A93E2FC9D702}.RemoteDBG|x86.Build.0 = Release|Any CPU
		{212FE8C5-69A5-468F-8530-7A63D67EA530}.Debug|Any CPU.ActiveCfg = Debug|Any CPU
		{212FE8C5-69A5-468F-8530-7A63D67EA530}.Debug|Any CPU.Build.0 = Debug|Any CPU
		{212FE8C5-69A5-468F-8530-7A63D67EA530}.Debug|x64.ActiveCfg = Debug|Any CPU
		{212FE8C5-69A5-468F-8530-7A63D67EA530}.Debug|x64.Build.0 = Debug|Any CPU
		{212FE8C5-69A5-468F-8530-7A63D67EA530}.Debug|x86.ActiveCfg = Debug|Any CPU
		{212FE8C5-69A5-468F-8530-7A63D67EA530}.Debug|x86.Build.0 = Debug|Any CPU
		{212FE8C5-69A5-468F-8530-7A63D67EA530}.Release|Any CPU.ActiveCfg = Release|Any CPU
		{212FE8C5-69A5-468F-8530-7A63D67EA530}.Release|Any CPU.Build.0 = Release|Any CPU
		{212FE8C5-69A5-468F-8530-7A63D67EA530}.Release|x64.ActiveCfg = Release|Any CPU
		{212FE8C5-69A5-468F-8530-7A63D67EA530}.Release|x64.Build.0 = Release|Any CPU
		{212FE8C5-69A5-468F-8530-7A63D67EA530}.Release|x86.ActiveCfg = Release|Any CPU
		{212FE8C5-69A5-468F-8530-7A63D67EA530}.Release|x86.Build.0 = Release|Any CPU
		{212FE8C5-69A5-468F-8530-7A63D67EA530}.Remote|Any CPU.ActiveCfg = Remote|Any CPU
		{212FE8C5-69A5-468F-8530-7A63D67EA530}.Remote|Any CPU.Build.0 = Remote|Any CPU
		{212FE8C5-69A5-468F-8530-7A63D67EA530}.Remote|x64.ActiveCfg = Remote|Any CPU
		{212FE8C5-69A5-468F-8530-7A63D67EA530}.Remote|x64.Build.0 = Remote|Any CPU
		{212FE8C5-69A5-468F-8530-7A63D67EA530}.Remote|x86.ActiveCfg = Remote|Any CPU
		{212FE8C5-69A5-468F-8530-7A63D67EA530}.Remote|x86.Build.0 = Remote|Any CPU
		{212FE8C5-69A5-468F-8530-7A63D67EA530}.RemoteDBG|Any CPU.ActiveCfg = Release|Any CPU
		{212FE8C5-69A5-468F-8530-7A63D67EA530}.RemoteDBG|Any CPU.Build.0 = Release|Any CPU
		{212FE8C5-69A5-468F-8530-7A63D67EA530}.RemoteDBG|x64.ActiveCfg = Release|Any CPU
		{212FE8C5-69A5-468F-8530-7A63D67EA530}.RemoteDBG|x64.Build.0 = Release|Any CPU
		{212FE8C5-69A5-468F-8530-7A63D67EA530}.RemoteDBG|x86.ActiveCfg = Release|Any CPU
		{212FE8C5-69A5-468F-8530-7A63D67EA530}.RemoteDBG|x86.Build.0 = Release|Any CPU
		{E6F7AB5E-318F-46B8-BB90-A0F35D6C7555}.Debug|Any CPU.ActiveCfg = Debug|Any CPU
		{E6F7AB5E-318F-46B8-BB90-A0F35D6C7555}.Debug|Any CPU.Build.0 = Debug|Any CPU
		{E6F7AB5E-318F-46B8-BB90-A0F35D6C7555}.Debug|x64.ActiveCfg = Debug|Any CPU
		{E6F7AB5E-318F-46B8-BB90-A0F35D6C7555}.Debug|x64.Build.0 = Debug|Any CPU
		{E6F7AB5E-318F-46B8-BB90-A0F35D6C7555}.Debug|x86.ActiveCfg = Debug|Any CPU
		{E6F7AB5E-318F-46B8-BB90-A0F35D6C7555}.Debug|x86.Build.0 = Debug|Any CPU
		{E6F7AB5E-318F-46B8-BB90-A0F35D6C7555}.Release|Any CPU.ActiveCfg = Release|Any CPU
		{E6F7AB5E-318F-46B8-BB90-A0F35D6C7555}.Release|Any CPU.Build.0 = Release|Any CPU
		{E6F7AB5E-318F-46B8-BB90-A0F35D6C7555}.Release|x64.ActiveCfg = Release|Any CPU
		{E6F7AB5E-318F-46B8-BB90-A0F35D6C7555}.Release|x64.Build.0 = Release|Any CPU
		{E6F7AB5E-318F-46B8-BB90-A0F35D6C7555}.Release|x86.ActiveCfg = Release|Any CPU
		{E6F7AB5E-318F-46B8-BB90-A0F35D6C7555}.Release|x86.Build.0 = Release|Any CPU
		{E6F7AB5E-318F-46B8-BB90-A0F35D6C7555}.Remote|Any CPU.ActiveCfg = Remote|Any CPU
		{E6F7AB5E-318F-46B8-BB90-A0F35D6C7555}.Remote|Any CPU.Build.0 = Remote|Any CPU
		{E6F7AB5E-318F-46B8-BB90-A0F35D6C7555}.Remote|x64.ActiveCfg = Remote|Any CPU
		{E6F7AB5E-318F-46B8-BB90-A0F35D6C7555}.Remote|x64.Build.0 = Remote|Any CPU
		{E6F7AB5E-318F-46B8-BB90-A0F35D6C7555}.Remote|x86.ActiveCfg = Remote|Any CPU
		{E6F7AB5E-318F-46B8-BB90-A0F35D6C7555}.Remote|x86.Build.0 = Remote|Any CPU
		{E6F7AB5E-318F-46B8-BB90-A0F35D6C7555}.RemoteDBG|Any CPU.ActiveCfg = RemoteDBG|Any CPU
		{E6F7AB5E-318F-46B8-BB90-A0F35D6C7555}.RemoteDBG|Any CPU.Build.0 = RemoteDBG|Any CPU
		{E6F7AB5E-318F-46B8-BB90-A0F35D6C7555}.RemoteDBG|x64.ActiveCfg = RemoteDBG|Any CPU
		{E6F7AB5E-318F-46B8-BB90-A0F35D6C7555}.RemoteDBG|x64.Build.0 = RemoteDBG|Any CPU
		{E6F7AB5E-318F-46B8-BB90-A0F35D6C7555}.RemoteDBG|x86.ActiveCfg = RemoteDBG|Any CPU
		{E6F7AB5E-318F-46B8-BB90-A0F35D6C7555}.RemoteDBG|x86.Build.0 = RemoteDBG|Any CPU
		{02F6E823-A0B2-4C04-9347-7FED39140941}.Debug|Any CPU.ActiveCfg = Debug|Any CPU
		{02F6E823-A0B2-4C04-9347-7FED39140941}.Debug|Any CPU.Build.0 = Debug|Any CPU
		{02F6E823-A0B2-4C04-9347-7FED39140941}.Debug|x64.ActiveCfg = Debug|Any CPU
		{02F6E823-A0B2-4C04-9347-7FED39140941}.Debug|x64.Build.0 = Debug|Any CPU
		{02F6E823-A0B2-4C04-9347-7FED39140941}.Debug|x86.ActiveCfg = Debug|Any CPU
		{02F6E823-A0B2-4C04-9347-7FED39140941}.Debug|x86.Build.0 = Debug|Any CPU
		{02F6E823-A0B2-4C04-9347-7FED39140941}.Release|Any CPU.ActiveCfg = Release|Any CPU
		{02F6E823-A0B2-4C04-9347-7FED39140941}.Release|Any CPU.Build.0 = Release|Any CPU
		{02F6E823-A0B2-4C04-9347-7FED39140941}.Release|x64.ActiveCfg = Release|Any CPU
		{02F6E823-A0B2-4C04-9347-7FED39140941}.Release|x64.Build.0 = Release|Any CPU
		{02F6E823-A0B2-4C04-9347-7FED39140941}.Release|x86.ActiveCfg = Release|Any CPU
		{02F6E823-A0B2-4C04-9347-7FED39140941}.Release|x86.Build.0 = Release|Any CPU
		{02F6E823-A0B2-4C04-9347-7FED39140941}.Remote|Any CPU.ActiveCfg = Release|Any CPU
		{02F6E823-A0B2-4C04-9347-7FED39140941}.Remote|Any CPU.Build.0 = Release|Any CPU
		{02F6E823-A0B2-4C04-9347-7FED39140941}.Remote|x64.ActiveCfg = Release|Any CPU
		{02F6E823-A0B2-4C04-9347-7FED39140941}.Remote|x64.Build.0 = Release|Any CPU
		{02F6E823-A0B2-4C04-9347-7FED39140941}.Remote|x86.ActiveCfg = Release|Any CPU
		{02F6E823-A0B2-4C04-9347-7FED39140941}.Remote|x86.Build.0 = Release|Any CPU
		{02F6E823-A0B2-4C04-9347-7FED39140941}.RemoteDBG|Any CPU.ActiveCfg = Release|Any CPU
		{02F6E823-A0B2-4C04-9347-7FED39140941}.RemoteDBG|Any CPU.Build.0 = Release|Any CPU
		{02F6E823-A0B2-4C04-9347-7FED39140941}.RemoteDBG|x64.ActiveCfg = Release|Any CPU
		{02F6E823-A0B2-4C04-9347-7FED39140941}.RemoteDBG|x64.Build.0 = Release|Any CPU
		{02F6E823-A0B2-4C04-9347-7FED39140941}.RemoteDBG|x86.ActiveCfg = Release|Any CPU
		{02F6E823-A0B2-4C04-9347-7FED39140941}.RemoteDBG|x86.Build.0 = Release|Any CPU
		{109D90D0-ED3F-4390-9F0C-D54848F95DF7}.Debug|Any CPU.ActiveCfg = Debug|Any CPU
		{109D90D0-ED3F-4390-9F0C-D54848F95DF7}.Debug|Any CPU.Build.0 = Debug|Any CPU
		{109D90D0-ED3F-4390-9F0C-D54848F95DF7}.Debug|x64.ActiveCfg = Debug|Any CPU
		{109D90D0-ED3F-4390-9F0C-D54848F95DF7}.Debug|x64.Build.0 = Debug|Any CPU
		{109D90D0-ED3F-4390-9F0C-D54848F95DF7}.Debug|x86.ActiveCfg = Debug|Any CPU
		{109D90D0-ED3F-4390-9F0C-D54848F95DF7}.Debug|x86.Build.0 = Debug|Any CPU
		{109D90D0-ED3F-4390-9F0C-D54848F95DF7}.Release|Any CPU.ActiveCfg = Release|Any CPU
		{109D90D0-ED3F-4390-9F0C-D54848F95DF7}.Release|Any CPU.Build.0 = Release|Any CPU
		{109D90D0-ED3F-4390-9F0C-D54848F95DF7}.Release|x64.ActiveCfg = Release|Any CPU
		{109D90D0-ED3F-4390-9F0C-D54848F95DF7}.Release|x64.Build.0 = Release|Any CPU
		{109D90D0-ED3F-4390-9F0C-D54848F95DF7}.Release|x86.ActiveCfg = Release|Any CPU
		{109D90D0-ED3F-4390-9F0C-D54848F95DF7}.Release|x86.Build.0 = Release|Any CPU
		{109D90D0-ED3F-4390-9F0C-D54848F95DF7}.Remote|Any CPU.ActiveCfg = Release|Any CPU
		{109D90D0-ED3F-4390-9F0C-D54848F95DF7}.Remote|Any CPU.Build.0 = Release|Any CPU
		{109D90D0-ED3F-4390-9F0C-D54848F95DF7}.Remote|x64.ActiveCfg = Release|Any CPU
		{109D90D0-ED3F-4390-9F0C-D54848F95DF7}.Remote|x64.Build.0 = Release|Any CPU
		{109D90D0-ED3F-4390-9F0C-D54848F95DF7}.Remote|x86.ActiveCfg = Release|Any CPU
		{109D90D0-ED3F-4390-9F0C-D54848F95DF7}.Remote|x86.Build.0 = Release|Any CPU
		{109D90D0-ED3F-4390-9F0C-D54848F95DF7}.RemoteDBG|Any CPU.ActiveCfg = Release|Any CPU
		{109D90D0-ED3F-4390-9F0C-D54848F95DF7}.RemoteDBG|Any CPU.Build.0 = Release|Any CPU
		{109D90D0-ED3F-4390-9F0C-D54848F95DF7}.RemoteDBG|x64.ActiveCfg = Release|Any CPU
		{109D90D0-ED3F-4390-9F0C-D54848F95DF7}.RemoteDBG|x64.Build.0 = Release|Any CPU
		{109D90D0-ED3F-4390-9F0C-D54848F95DF7}.RemoteDBG|x86.ActiveCfg = Release|Any CPU
		{109D90D0-ED3F-4390-9F0C-D54848F95DF7}.RemoteDBG|x86.Build.0 = Release|Any CPU
		{E18CB9B8-FBA5-4507-8DFE-EB0F94837D09}.Debug|Any CPU.ActiveCfg = Debug|Any CPU
		{E18CB9B8-FBA5-4507-8DFE-EB0F94837D09}.Debug|Any CPU.Build.0 = Debug|Any CPU
		{E18CB9B8-FBA5-4507-8DFE-EB0F94837D09}.Debug|x64.ActiveCfg = Debug|Any CPU
		{E18CB9B8-FBA5-4507-8DFE-EB0F94837D09}.Debug|x64.Build.0 = Debug|Any CPU
		{E18CB9B8-FBA5-4507-8DFE-EB0F94837D09}.Debug|x86.ActiveCfg = Debug|Any CPU
		{E18CB9B8-FBA5-4507-8DFE-EB0F94837D09}.Debug|x86.Build.0 = Debug|Any CPU
		{E18CB9B8-FBA5-4507-8DFE-EB0F94837D09}.Release|Any CPU.ActiveCfg = Release|Any CPU
		{E18CB9B8-FBA5-4507-8DFE-EB0F94837D09}.Release|Any CPU.Build.0 = Release|Any CPU
		{E18CB9B8-FBA5-4507-8DFE-EB0F94837D09}.Release|x64.ActiveCfg = Release|Any CPU
		{E18CB9B8-FBA5-4507-8DFE-EB0F94837D09}.Release|x64.Build.0 = Release|Any CPU
		{E18CB9B8-FBA5-4507-8DFE-EB0F94837D09}.Release|x86.ActiveCfg = Release|Any CPU
		{E18CB9B8-FBA5-4507-8DFE-EB0F94837D09}.Release|x86.Build.0 = Release|Any CPU
		{E18CB9B8-FBA5-4507-8DFE-EB0F94837D09}.Remote|Any CPU.ActiveCfg = Release|Any CPU
		{E18CB9B8-FBA5-4507-8DFE-EB0F94837D09}.Remote|Any CPU.Build.0 = Release|Any CPU
		{E18CB9B8-FBA5-4507-8DFE-EB0F94837D09}.Remote|x64.ActiveCfg = Release|Any CPU
		{E18CB9B8-FBA5-4507-8DFE-EB0F94837D09}.Remote|x64.Build.0 = Release|Any CPU
		{E18CB9B8-FBA5-4507-8DFE-EB0F94837D09}.Remote|x86.ActiveCfg = Release|Any CPU
		{E18CB9B8-FBA5-4507-8DFE-EB0F94837D09}.Remote|x86.Build.0 = Release|Any CPU
		{E18CB9B8-FBA5-4507-8DFE-EB0F94837D09}.RemoteDBG|Any CPU.ActiveCfg = Release|Any CPU
		{E18CB9B8-FBA5-4507-8DFE-EB0F94837D09}.RemoteDBG|Any CPU.Build.0 = Release|Any CPU
		{E18CB9B8-FBA5-4507-8DFE-EB0F94837D09}.RemoteDBG|x64.ActiveCfg = Release|Any CPU
		{E18CB9B8-FBA5-4507-8DFE-EB0F94837D09}.RemoteDBG|x64.Build.0 = Release|Any CPU
		{E18CB9B8-FBA5-4507-8DFE-EB0F94837D09}.RemoteDBG|x86.ActiveCfg = Release|Any CPU
		{E18CB9B8-FBA5-4507-8DFE-EB0F94837D09}.RemoteDBG|x86.Build.0 = Release|Any CPU
		{EA68BD29-BC54-41C4-B146-24356A96EB03}.Debug|Any CPU.ActiveCfg = Debug|Any CPU
		{EA68BD29-BC54-41C4-B146-24356A96EB03}.Debug|Any CPU.Build.0 = Debug|Any CPU
		{EA68BD29-BC54-41C4-B146-24356A96EB03}.Debug|x64.ActiveCfg = Debug|Any CPU
		{EA68BD29-BC54-41C4-B146-24356A96EB03}.Debug|x64.Build.0 = Debug|Any CPU
		{EA68BD29-BC54-41C4-B146-24356A96EB03}.Debug|x86.ActiveCfg = Debug|Any CPU
		{EA68BD29-BC54-41C4-B146-24356A96EB03}.Debug|x86.Build.0 = Debug|Any CPU
		{EA68BD29-BC54-41C4-B146-24356A96EB03}.Release|Any CPU.ActiveCfg = Release|Any CPU
		{EA68BD29-BC54-41C4-B146-24356A96EB03}.Release|Any CPU.Build.0 = Release|Any CPU
		{EA68BD29-BC54-41C4-B146-24356A96EB03}.Release|x64.ActiveCfg = Release|Any CPU
		{EA68BD29-BC54-41C4-B146-24356A96EB03}.Release|x64.Build.0 = Release|Any CPU
		{EA68BD29-BC54-41C4-B146-24356A96EB03}.Release|x86.ActiveCfg = Release|Any CPU
		{EA68BD29-BC54-41C4-B146-24356A96EB03}.Release|x86.Build.0 = Release|Any CPU
		{EA68BD29-BC54-41C4-B146-24356A96EB03}.Remote|Any CPU.ActiveCfg = Release|Any CPU
		{EA68BD29-BC54-41C4-B146-24356A96EB03}.Remote|Any CPU.Build.0 = Release|Any CPU
		{EA68BD29-BC54-41C4-B146-24356A96EB03}.Remote|x64.ActiveCfg = Release|Any CPU
		{EA68BD29-BC54-41C4-B146-24356A96EB03}.Remote|x64.Build.0 = Release|Any CPU
		{EA68BD29-BC54-41C4-B146-24356A96EB03}.Remote|x86.ActiveCfg = Release|Any CPU
		{EA68BD29-BC54-41C4-B146-24356A96EB03}.Remote|x86.Build.0 = Release|Any CPU
		{EA68BD29-BC54-41C4-B146-24356A96EB03}.RemoteDBG|Any CPU.ActiveCfg = Release|Any CPU
		{EA68BD29-BC54-41C4-B146-24356A96EB03}.RemoteDBG|Any CPU.Build.0 = Release|Any CPU
		{EA68BD29-BC54-41C4-B146-24356A96EB03}.RemoteDBG|x64.ActiveCfg = Release|Any CPU
		{EA68BD29-BC54-41C4-B146-24356A96EB03}.RemoteDBG|x64.Build.0 = Release|Any CPU
		{EA68BD29-BC54-41C4-B146-24356A96EB03}.RemoteDBG|x86.ActiveCfg = Release|Any CPU
		{EA68BD29-BC54-41C4-B146-24356A96EB03}.RemoteDBG|x86.Build.0 = Release|Any CPU
		{18B65441-9BF7-4828-8E81-B36337D18468}.Debug|Any CPU.ActiveCfg = Debug|Any CPU
		{18B65441-9BF7-4828-8E81-B36337D18468}.Debug|Any CPU.Build.0 = Debug|Any CPU
		{18B65441-9BF7-4828-8E81-B36337D18468}.Debug|x64.ActiveCfg = Debug|Any CPU
		{18B65441-9BF7-4828-8E81-B36337D18468}.Debug|x64.Build.0 = Debug|Any CPU
		{18B65441-9BF7-4828-8E81-B36337D18468}.Debug|x86.ActiveCfg = Debug|Any CPU
		{18B65441-9BF7-4828-8E81-B36337D18468}.Debug|x86.Build.0 = Debug|Any CPU
		{18B65441-9BF7-4828-8E81-B36337D18468}.Release|Any CPU.ActiveCfg = Release|Any CPU
		{18B65441-9BF7-4828-8E81-B36337D18468}.Release|Any CPU.Build.0 = Release|Any CPU
		{18B65441-9BF7-4828-8E81-B36337D18468}.Release|x64.ActiveCfg = Release|Any CPU
		{18B65441-9BF7-4828-8E81-B36337D18468}.Release|x64.Build.0 = Release|Any CPU
		{18B65441-9BF7-4828-8E81-B36337D18468}.Release|x86.ActiveCfg = Release|Any CPU
		{18B65441-9BF7-4828-8E81-B36337D18468}.Release|x86.Build.0 = Release|Any CPU
		{18B65441-9BF7-4828-8E81-B36337D18468}.Remote|Any CPU.ActiveCfg = Release|Any CPU
		{18B65441-9BF7-4828-8E81-B36337D18468}.Remote|Any CPU.Build.0 = Release|Any CPU
		{18B65441-9BF7-4828-8E81-B36337D18468}.Remote|x64.ActiveCfg = Release|Any CPU
		{18B65441-9BF7-4828-8E81-B36337D18468}.Remote|x64.Build.0 = Release|Any CPU
		{18B65441-9BF7-4828-8E81-B36337D18468}.Remote|x86.ActiveCfg = Release|Any CPU
		{18B65441-9BF7-4828-8E81-B36337D18468}.Remote|x86.Build.0 = Release|Any CPU
		{18B65441-9BF7-4828-8E81-B36337D18468}.RemoteDBG|Any CPU.ActiveCfg = Release|Any CPU
		{18B65441-9BF7-4828-8E81-B36337D18468}.RemoteDBG|Any CPU.Build.0 = Release|Any CPU
		{18B65441-9BF7-4828-8E81-B36337D18468}.RemoteDBG|x64.ActiveCfg = Release|Any CPU
		{18B65441-9BF7-4828-8E81-B36337D18468}.RemoteDBG|x64.Build.0 = Release|Any CPU
		{18B65441-9BF7-4828-8E81-B36337D18468}.RemoteDBG|x86.ActiveCfg = Release|Any CPU
		{18B65441-9BF7-4828-8E81-B36337D18468}.RemoteDBG|x86.Build.0 = Release|Any CPU
		{1BA25A0B-7966-4084-9750-C6DD34EC12F9}.Debug|Any CPU.ActiveCfg = Debug|Any CPU
		{1BA25A0B-7966-4084-9750-C6DD34EC12F9}.Debug|Any CPU.Build.0 = Debug|Any CPU
		{1BA25A0B-7966-4084-9750-C6DD34EC12F9}.Debug|x64.ActiveCfg = Debug|Any CPU
		{1BA25A0B-7966-4084-9750-C6DD34EC12F9}.Debug|x64.Build.0 = Debug|Any CPU
		{1BA25A0B-7966-4084-9750-C6DD34EC12F9}.Debug|x86.ActiveCfg = Debug|Any CPU
		{1BA25A0B-7966-4084-9750-C6DD34EC12F9}.Debug|x86.Build.0 = Debug|Any CPU
		{1BA25A0B-7966-4084-9750-C6DD34EC12F9}.Release|Any CPU.ActiveCfg = Release|Any CPU
		{1BA25A0B-7966-4084-9750-C6DD34EC12F9}.Release|Any CPU.Build.0 = Release|Any CPU
		{1BA25A0B-7966-4084-9750-C6DD34EC12F9}.Release|x64.ActiveCfg = Release|Any CPU
		{1BA25A0B-7966-4084-9750-C6DD34EC12F9}.Release|x64.Build.0 = Release|Any CPU
		{1BA25A0B-7966-4084-9750-C6DD34EC12F9}.Release|x86.ActiveCfg = Release|Any CPU
		{1BA25A0B-7966-4084-9750-C6DD34EC12F9}.Release|x86.Build.0 = Release|Any CPU
		{1BA25A0B-7966-4084-9750-C6DD34EC12F9}.Remote|Any CPU.ActiveCfg = Release|Any CPU
		{1BA25A0B-7966-4084-9750-C6DD34EC12F9}.Remote|Any CPU.Build.0 = Release|Any CPU
		{1BA25A0B-7966-4084-9750-C6DD34EC12F9}.Remote|x64.ActiveCfg = Release|Any CPU
		{1BA25A0B-7966-4084-9750-C6DD34EC12F9}.Remote|x64.Build.0 = Release|Any CPU
		{1BA25A0B-7966-4084-9750-C6DD34EC12F9}.Remote|x86.ActiveCfg = Release|Any CPU
		{1BA25A0B-7966-4084-9750-C6DD34EC12F9}.Remote|x86.Build.0 = Release|Any CPU
		{1BA25A0B-7966-4084-9750-C6DD34EC12F9}.RemoteDBG|Any CPU.ActiveCfg = Release|Any CPU
		{1BA25A0B-7966-4084-9750-C6DD34EC12F9}.RemoteDBG|Any CPU.Build.0 = Release|Any CPU
		{1BA25A0B-7966-4084-9750-C6DD34EC12F9}.RemoteDBG|x64.ActiveCfg = Release|Any CPU
		{1BA25A0B-7966-4084-9750-C6DD34EC12F9}.RemoteDBG|x64.Build.0 = Release|Any CPU
		{1BA25A0B-7966-4084-9750-C6DD34EC12F9}.RemoteDBG|x86.ActiveCfg = Release|Any CPU
		{1BA25A0B-7966-4084-9750-C6DD34EC12F9}.RemoteDBG|x86.Build.0 = Release|Any CPU
	EndGlobalSection
	GlobalSection(SolutionProperties) = preSolution
		HideSolutionNode = FALSE
	EndGlobalSection
	GlobalSection(ExtensibilityGlobals) = postSolution
		SolutionGuid = {50A060E4-FB86-4DE2-9D8A-E842F1D40517}
	EndGlobalSection
EndGlobal
